// !$*UTF8*$!
{
	archiveVersion = 1;
	classes = {
	};
	objectVersion = 50;
	objects = {

/* Begin PBXBuildFile section */
		194D2DA1B67038536FAFEA15 /* Pods_KCProgrammingAppTests.framework in Frameworks */ = {isa = PBXBuildFile; fileRef = 9C509883070151843889BC44 /* Pods_KCProgrammingAppTests.framework */; };
		3F104D89223B3D1000094A98 /* SchoolsTableViewController.swift in Sources */ = {isa = PBXBuildFile; fileRef = 3F104D88223B3D1000094A98 /* SchoolsTableViewController.swift */; };
		3F104D8B223B3D2A00094A98 /* TeamsTableViewController.swift in Sources */ = {isa = PBXBuildFile; fileRef = 3F104D8A223B3D2A00094A98 /* TeamsTableViewController.swift */; };
		3F104D8D223B3D5300094A98 /* StudentsViewController.swift in Sources */ = {isa = PBXBuildFile; fileRef = 3F104D8C223B3D5300094A98 /* StudentsViewController.swift */; };
		3F104D8F223B3D6A00094A98 /* NewSchoolViewController.swift in Sources */ = {isa = PBXBuildFile; fileRef = 3F104D8E223B3D6A00094A98 /* NewSchoolViewController.swift */; };
		3F104D91223B3D7C00094A98 /* NewTeamViewController.swift in Sources */ = {isa = PBXBuildFile; fileRef = 3F104D90223B3D7C00094A98 /* NewTeamViewController.swift */; };
		3F104D93223B3F3F00094A98 /* App.swift in Sources */ = {isa = PBXBuildFile; fileRef = 3F104D92223B3F3F00094A98 /* App.swift */; };
		3FD1B5CC2258195D00B28B64 /* App.swift in Sources */ = {isa = PBXBuildFile; fileRef = 3F104D92223B3F3F00094A98 /* App.swift */; };
		D4205CF25650B2B0B19DFDC1 /* Pods_KCProgrammingApp.framework in Frameworks */ = {isa = PBXBuildFile; fileRef = 81DF6DA619FF4E1A4425C809 /* Pods_KCProgrammingApp.framework */; };
		E064AECC223886F20093E91C /* AppDelegate.swift in Sources */ = {isa = PBXBuildFile; fileRef = E064AECB223886F20093E91C /* AppDelegate.swift */; };
		E064AECE223886F20093E91C /* ViewController.swift in Sources */ = {isa = PBXBuildFile; fileRef = E064AECD223886F20093E91C /* ViewController.swift */; };
		E064AED1223886F20093E91C /* Main.storyboard in Resources */ = {isa = PBXBuildFile; fileRef = E064AECF223886F20093E91C /* Main.storyboard */; };
		E064AED3223886F20093E91C /* Assets.xcassets in Resources */ = {isa = PBXBuildFile; fileRef = E064AED2223886F20093E91C /* Assets.xcassets */; };
		E064AED6223886F20093E91C /* LaunchScreen.storyboard in Resources */ = {isa = PBXBuildFile; fileRef = E064AED4223886F20093E91C /* LaunchScreen.storyboard */; };
		E064AEE1223886F20093E91C /* KCProgrammingAppTests.swift in Sources */ = {isa = PBXBuildFile; fileRef = E064AEE0223886F20093E91C /* KCProgrammingAppTests.swift */; };
		E064AEEC223886F20093E91C /* KCProgrammingAppUITests.swift in Sources */ = {isa = PBXBuildFile; fileRef = E064AEEB223886F20093E91C /* KCProgrammingAppUITests.swift */; };
		EAC94E3D33B1EFA6A5E12929 /* Pods_KCProgrammingAppUITests.framework in Frameworks */ = {isa = PBXBuildFile; fileRef = F65091F54615C0492F16E3BE /* Pods_KCProgrammingAppUITests.framework */; };
/* End PBXBuildFile section */

/* Begin PBXContainerItemProxy section */
		E064AEDD223886F20093E91C /* PBXContainerItemProxy */ = {
			isa = PBXContainerItemProxy;
			containerPortal = E064AEC0223886F20093E91C /* Project object */;
			proxyType = 1;
			remoteGlobalIDString = E064AEC7223886F20093E91C;
			remoteInfo = KCProgrammingApp;
		};
		E064AEE8223886F20093E91C /* PBXContainerItemProxy */ = {
			isa = PBXContainerItemProxy;
			containerPortal = E064AEC0223886F20093E91C /* Project object */;
			proxyType = 1;
			remoteGlobalIDString = E064AEC7223886F20093E91C;
			remoteInfo = KCProgrammingApp;
		};
/* End PBXContainerItemProxy section */

/* Begin PBXFileReference section */
		08050D708015DE476235A2AB /* Pods-KCProgrammingAppUITests.release.xcconfig */ = {isa = PBXFileReference; includeInIndex = 1; lastKnownFileType = text.xcconfig; name = "Pods-KCProgrammingAppUITests.release.xcconfig"; path = "Pods/Target Support Files/Pods-KCProgrammingAppUITests/Pods-KCProgrammingAppUITests.release.xcconfig"; sourceTree = "<group>"; };
		0B4DACFBB1945AF55C479502 /* Pods-KCProgrammingAppUITests.debug.xcconfig */ = {isa = PBXFileReference; includeInIndex = 1; lastKnownFileType = text.xcconfig; name = "Pods-KCProgrammingAppUITests.debug.xcconfig"; path = "Pods/Target Support Files/Pods-KCProgrammingAppUITests/Pods-KCProgrammingAppUITests.debug.xcconfig"; sourceTree = "<group>"; };
		318A150EF67A09F225085E42 /* Pods-KCProgrammingAppTests.release.xcconfig */ = {isa = PBXFileReference; includeInIndex = 1; lastKnownFileType = text.xcconfig; name = "Pods-KCProgrammingAppTests.release.xcconfig"; path = "Pods/Target Support Files/Pods-KCProgrammingAppTests/Pods-KCProgrammingAppTests.release.xcconfig"; sourceTree = "<group>"; };
		3F104D88223B3D1000094A98 /* SchoolsTableViewController.swift */ = {isa = PBXFileReference; lastKnownFileType = sourcecode.swift; path = SchoolsTableViewController.swift; sourceTree = "<group>"; };
		3F104D8A223B3D2A00094A98 /* TeamsTableViewController.swift */ = {isa = PBXFileReference; lastKnownFileType = sourcecode.swift; path = TeamsTableViewController.swift; sourceTree = "<group>"; };
		3F104D8C223B3D5300094A98 /* StudentsViewController.swift */ = {isa = PBXFileReference; lastKnownFileType = sourcecode.swift; path = StudentsViewController.swift; sourceTree = "<group>"; };
		3F104D8E223B3D6A00094A98 /* NewSchoolViewController.swift */ = {isa = PBXFileReference; lastKnownFileType = sourcecode.swift; path = NewSchoolViewController.swift; sourceTree = "<group>"; };
		3F104D90223B3D7C00094A98 /* NewTeamViewController.swift */ = {isa = PBXFileReference; lastKnownFileType = sourcecode.swift; path = NewTeamViewController.swift; sourceTree = "<group>"; };
		3F104D92223B3F3F00094A98 /* App.swift */ = {isa = PBXFileReference; lastKnownFileType = sourcecode.swift; path = App.swift; sourceTree = "<group>"; };
		81DF6DA619FF4E1A4425C809 /* Pods_KCProgrammingApp.framework */ = {isa = PBXFileReference; explicitFileType = wrapper.framework; includeInIndex = 0; path = Pods_KCProgrammingApp.framework; sourceTree = BUILT_PRODUCTS_DIR; };
		9378900067007AF2594E1466 /* Pods-KCProgrammingApp.release.xcconfig */ = {isa = PBXFileReference; includeInIndex = 1; lastKnownFileType = text.xcconfig; name = "Pods-KCProgrammingApp.release.xcconfig"; path = "Pods/Target Support Files/Pods-KCProgrammingApp/Pods-KCProgrammingApp.release.xcconfig"; sourceTree = "<group>"; };
		94574AB8B41707BD6E7A36C8 /* Pods-KCProgrammingAppTests.debug.xcconfig */ = {isa = PBXFileReference; includeInIndex = 1; lastKnownFileType = text.xcconfig; name = "Pods-KCProgrammingAppTests.debug.xcconfig"; path = "Pods/Target Support Files/Pods-KCProgrammingAppTests/Pods-KCProgrammingAppTests.debug.xcconfig"; sourceTree = "<group>"; };
		9A33D03AAE6C51FCEF9D1EAA /* Pods-KCProgrammingApp.debug.xcconfig */ = {isa = PBXFileReference; includeInIndex = 1; lastKnownFileType = text.xcconfig; name = "Pods-KCProgrammingApp.debug.xcconfig"; path = "Pods/Target Support Files/Pods-KCProgrammingApp/Pods-KCProgrammingApp.debug.xcconfig"; sourceTree = "<group>"; };
		9C509883070151843889BC44 /* Pods_KCProgrammingAppTests.framework */ = {isa = PBXFileReference; explicitFileType = wrapper.framework; includeInIndex = 0; path = Pods_KCProgrammingAppTests.framework; sourceTree = BUILT_PRODUCTS_DIR; };
		E064AEC8223886F20093E91C /* KCProgrammingApp.app */ = {isa = PBXFileReference; explicitFileType = wrapper.application; includeInIndex = 0; path = KCProgrammingApp.app; sourceTree = BUILT_PRODUCTS_DIR; };
		E064AECB223886F20093E91C /* AppDelegate.swift */ = {isa = PBXFileReference; lastKnownFileType = sourcecode.swift; path = AppDelegate.swift; sourceTree = "<group>"; };
		E064AECD223886F20093E91C /* ViewController.swift */ = {isa = PBXFileReference; lastKnownFileType = sourcecode.swift; path = ViewController.swift; sourceTree = "<group>"; };
		E064AED0223886F20093E91C /* Base */ = {isa = PBXFileReference; lastKnownFileType = file.storyboard; name = Base; path = Base.lproj/Main.storyboard; sourceTree = "<group>"; };
		E064AED2223886F20093E91C /* Assets.xcassets */ = {isa = PBXFileReference; lastKnownFileType = folder.assetcatalog; path = Assets.xcassets; sourceTree = "<group>"; };
		E064AED5223886F20093E91C /* Base */ = {isa = PBXFileReference; lastKnownFileType = file.storyboard; name = Base; path = Base.lproj/LaunchScreen.storyboard; sourceTree = "<group>"; };
		E064AED7223886F20093E91C /* Info.plist */ = {isa = PBXFileReference; lastKnownFileType = text.plist.xml; path = Info.plist; sourceTree = "<group>"; };
		E064AEDC223886F20093E91C /* KCProgrammingAppTests.xctest */ = {isa = PBXFileReference; explicitFileType = wrapper.cfbundle; includeInIndex = 0; path = KCProgrammingAppTests.xctest; sourceTree = BUILT_PRODUCTS_DIR; };
		E064AEE0223886F20093E91C /* KCProgrammingAppTests.swift */ = {isa = PBXFileReference; lastKnownFileType = sourcecode.swift; path = KCProgrammingAppTests.swift; sourceTree = "<group>"; };
		E064AEE2223886F20093E91C /* Info.plist */ = {isa = PBXFileReference; lastKnownFileType = text.plist.xml; path = Info.plist; sourceTree = "<group>"; };
		E064AEE7223886F20093E91C /* KCProgrammingAppUITests.xctest */ = {isa = PBXFileReference; explicitFileType = wrapper.cfbundle; includeInIndex = 0; path = KCProgrammingAppUITests.xctest; sourceTree = BUILT_PRODUCTS_DIR; };
		E064AEEB223886F20093E91C /* KCProgrammingAppUITests.swift */ = {isa = PBXFileReference; lastKnownFileType = sourcecode.swift; path = KCProgrammingAppUITests.swift; sourceTree = "<group>"; };
		E064AEED223886F20093E91C /* Info.plist */ = {isa = PBXFileReference; lastKnownFileType = text.plist.xml; path = Info.plist; sourceTree = "<group>"; };
		F65091F54615C0492F16E3BE /* Pods_KCProgrammingAppUITests.framework */ = {isa = PBXFileReference; explicitFileType = wrapper.framework; includeInIndex = 0; path = Pods_KCProgrammingAppUITests.framework; sourceTree = BUILT_PRODUCTS_DIR; };
/* End PBXFileReference section */

/* Begin PBXFrameworksBuildPhase section */
		E064AEC5223886F20093E91C /* Frameworks */ = {
			isa = PBXFrameworksBuildPhase;
			buildActionMask = 2147483647;
			files = (
				D4205CF25650B2B0B19DFDC1 /* Pods_KCProgrammingApp.framework in Frameworks */,
			);
			runOnlyForDeploymentPostprocessing = 0;
		};
		E064AED9223886F20093E91C /* Frameworks */ = {
			isa = PBXFrameworksBuildPhase;
			buildActionMask = 2147483647;
			files = (
				194D2DA1B67038536FAFEA15 /* Pods_KCProgrammingAppTests.framework in Frameworks */,
			);
			runOnlyForDeploymentPostprocessing = 0;
		};
		E064AEE4223886F20093E91C /* Frameworks */ = {
			isa = PBXFrameworksBuildPhase;
			buildActionMask = 2147483647;
			files = (
				EAC94E3D33B1EFA6A5E12929 /* Pods_KCProgrammingAppUITests.framework in Frameworks */,
			);
			runOnlyForDeploymentPostprocessing = 0;
		};
/* End PBXFrameworksBuildPhase section */

/* Begin PBXGroup section */
		764241FC2287E0BBF4CD787A /* Pods */ = {
			isa = PBXGroup;
			children = (
				9A33D03AAE6C51FCEF9D1EAA /* Pods-KCProgrammingApp.debug.xcconfig */,
				9378900067007AF2594E1466 /* Pods-KCProgrammingApp.release.xcconfig */,
				94574AB8B41707BD6E7A36C8 /* Pods-KCProgrammingAppTests.debug.xcconfig */,
				318A150EF67A09F225085E42 /* Pods-KCProgrammingAppTests.release.xcconfig */,
				0B4DACFBB1945AF55C479502 /* Pods-KCProgrammingAppUITests.debug.xcconfig */,
				08050D708015DE476235A2AB /* Pods-KCProgrammingAppUITests.release.xcconfig */,
			);
			name = Pods;
			sourceTree = "<group>";
		};
		8F44A3B16B3999B9D677EF5C /* Frameworks */ = {
			isa = PBXGroup;
			children = (
				81DF6DA619FF4E1A4425C809 /* Pods_KCProgrammingApp.framework */,
				9C509883070151843889BC44 /* Pods_KCProgrammingAppTests.framework */,
				F65091F54615C0492F16E3BE /* Pods_KCProgrammingAppUITests.framework */,
			);
			name = Frameworks;
			sourceTree = "<group>";
		};
		E064AEBF223886F20093E91C = {
			isa = PBXGroup;
			children = (
				E064AECA223886F20093E91C /* KCProgrammingApp */,
				E064AEDF223886F20093E91C /* KCProgrammingAppTests */,
				E064AEEA223886F20093E91C /* KCProgrammingAppUITests */,
				E064AEC9223886F20093E91C /* Products */,
				764241FC2287E0BBF4CD787A /* Pods */,
				8F44A3B16B3999B9D677EF5C /* Frameworks */,
			);
			sourceTree = "<group>";
		};
		E064AEC9223886F20093E91C /* Products */ = {
			isa = PBXGroup;
			children = (
				E064AEC8223886F20093E91C /* KCProgrammingApp.app */,
				E064AEDC223886F20093E91C /* KCProgrammingAppTests.xctest */,
				E064AEE7223886F20093E91C /* KCProgrammingAppUITests.xctest */,
			);
			name = Products;
			sourceTree = "<group>";
		};
		E064AECA223886F20093E91C /* KCProgrammingApp */ = {
			isa = PBXGroup;
			children = (
				E064AECB223886F20093E91C /* AppDelegate.swift */,
				E064AECD223886F20093E91C /* ViewController.swift */,
				E064AECF223886F20093E91C /* Main.storyboard */,
				3F104D92223B3F3F00094A98 /* App.swift */,
				3F104D88223B3D1000094A98 /* SchoolsTableViewController.swift */,
				3F104D8A223B3D2A00094A98 /* TeamsTableViewController.swift */,
				3F104D8C223B3D5300094A98 /* StudentsViewController.swift */,
				3F104D8E223B3D6A00094A98 /* NewSchoolViewController.swift */,
				3F104D90223B3D7C00094A98 /* NewTeamViewController.swift */,
				E064AED2223886F20093E91C /* Assets.xcassets */,
				E064AED4223886F20093E91C /* LaunchScreen.storyboard */,
				E064AED7223886F20093E91C /* Info.plist */,
			);
			path = KCProgrammingApp;
			sourceTree = "<group>";
		};
		E064AEDF223886F20093E91C /* KCProgrammingAppTests */ = {
			isa = PBXGroup;
			children = (
				E064AEE0223886F20093E91C /* KCProgrammingAppTests.swift */,
				E064AEE2223886F20093E91C /* Info.plist */,
			);
			path = KCProgrammingAppTests;
			sourceTree = "<group>";
		};
		E064AEEA223886F20093E91C /* KCProgrammingAppUITests */ = {
			isa = PBXGroup;
			children = (
				E064AEEB223886F20093E91C /* KCProgrammingAppUITests.swift */,
				E064AEED223886F20093E91C /* Info.plist */,
			);
			path = KCProgrammingAppUITests;
			sourceTree = "<group>";
		};
/* End PBXGroup section */

/* Begin PBXNativeTarget section */
		E064AEC7223886F20093E91C /* KCProgrammingApp */ = {
			isa = PBXNativeTarget;
			buildConfigurationList = E064AEF0223886F20093E91C /* Build configuration list for PBXNativeTarget "KCProgrammingApp" */;
			buildPhases = (
				D0C5DEF05C509B4CCDF42F89 /* [CP] Check Pods Manifest.lock */,
				E064AEC4223886F20093E91C /* Sources */,
				E064AEC5223886F20093E91C /* Frameworks */,
				E064AEC6223886F20093E91C /* Resources */,
				9433E898B20238509DEC63C0 /* [CP] Embed Pods Frameworks */,
			);
			buildRules = (
			);
			dependencies = (
			);
			name = KCProgrammingApp;
			productName = KCProgrammingApp;
			productReference = E064AEC8223886F20093E91C /* KCProgrammingApp.app */;
			productType = "com.apple.product-type.application";
		};
		E064AEDB223886F20093E91C /* KCProgrammingAppTests */ = {
			isa = PBXNativeTarget;
			buildConfigurationList = E064AEF3223886F20093E91C /* Build configuration list for PBXNativeTarget "KCProgrammingAppTests" */;
			buildPhases = (
				2809218004FB391C35BC5E3F /* [CP] Check Pods Manifest.lock */,
				E064AED8223886F20093E91C /* Sources */,
				E064AED9223886F20093E91C /* Frameworks */,
				E064AEDA223886F20093E91C /* Resources */,
			);
			buildRules = (
			);
			dependencies = (
				E064AEDE223886F20093E91C /* PBXTargetDependency */,
			);
			name = KCProgrammingAppTests;
			productName = KCProgrammingAppTests;
			productReference = E064AEDC223886F20093E91C /* KCProgrammingAppTests.xctest */;
			productType = "com.apple.product-type.bundle.unit-test";
		};
		E064AEE6223886F20093E91C /* KCProgrammingAppUITests */ = {
			isa = PBXNativeTarget;
			buildConfigurationList = E064AEF6223886F20093E91C /* Build configuration list for PBXNativeTarget "KCProgrammingAppUITests" */;
			buildPhases = (
				032C8631F0E0DEE06394A2F2 /* [CP] Check Pods Manifest.lock */,
				E064AEE3223886F20093E91C /* Sources */,
				E064AEE4223886F20093E91C /* Frameworks */,
				E064AEE5223886F20093E91C /* Resources */,
			);
			buildRules = (
			);
			dependencies = (
				E064AEE9223886F20093E91C /* PBXTargetDependency */,
			);
			name = KCProgrammingAppUITests;
			productName = KCProgrammingAppUITests;
			productReference = E064AEE7223886F20093E91C /* KCProgrammingAppUITests.xctest */;
			productType = "com.apple.product-type.bundle.ui-testing";
		};
/* End PBXNativeTarget section */

/* Begin PBXProject section */
		E064AEC0223886F20093E91C /* Project object */ = {
			isa = PBXProject;
			attributes = {
				LastSwiftUpdateCheck = 1010;
				LastUpgradeCheck = 1010;
				ORGANIZATIONNAME = "Badisa,Sairam";
				TargetAttributes = {
					E064AEC7223886F20093E91C = {
						CreatedOnToolsVersion = 10.1;
					};
					E064AEDB223886F20093E91C = {
						CreatedOnToolsVersion = 10.1;
						TestTargetID = E064AEC7223886F20093E91C;
					};
					E064AEE6223886F20093E91C = {
						CreatedOnToolsVersion = 10.1;
						TestTargetID = E064AEC7223886F20093E91C;
					};
				};
			};
			buildConfigurationList = E064AEC3223886F20093E91C /* Build configuration list for PBXProject "KCProgrammingApp" */;
			compatibilityVersion = "Xcode 9.3";
			developmentRegion = en;
			hasScannedForEncodings = 0;
			knownRegions = (
				en,
				Base,
			);
			mainGroup = E064AEBF223886F20093E91C;
			productRefGroup = E064AEC9223886F20093E91C /* Products */;
			projectDirPath = "";
			projectRoot = "";
			targets = (
				E064AEC7223886F20093E91C /* KCProgrammingApp */,
				E064AEDB223886F20093E91C /* KCProgrammingAppTests */,
				E064AEE6223886F20093E91C /* KCProgrammingAppUITests */,
			);
		};
/* End PBXProject section */

/* Begin PBXResourcesBuildPhase section */
		E064AEC6223886F20093E91C /* Resources */ = {
			isa = PBXResourcesBuildPhase;
			buildActionMask = 2147483647;
			files = (
				E064AED6223886F20093E91C /* LaunchScreen.storyboard in Resources */,
				E064AED3223886F20093E91C /* Assets.xcassets in Resources */,
				E064AED1223886F20093E91C /* Main.storyboard in Resources */,
			);
			runOnlyForDeploymentPostprocessing = 0;
		};
		E064AEDA223886F20093E91C /* Resources */ = {
			isa = PBXResourcesBuildPhase;
			buildActionMask = 2147483647;
			files = (
			);
			runOnlyForDeploymentPostprocessing = 0;
		};
		E064AEE5223886F20093E91C /* Resources */ = {
			isa = PBXResourcesBuildPhase;
			buildActionMask = 2147483647;
			files = (
			);
			runOnlyForDeploymentPostprocessing = 0;
		};
/* End PBXResourcesBuildPhase section */

/* Begin PBXShellScriptBuildPhase section */
		032C8631F0E0DEE06394A2F2 /* [CP] Check Pods Manifest.lock */ = {
			isa = PBXShellScriptBuildPhase;
			buildActionMask = 2147483647;
			files = (
			);
			inputFileListPaths = (
			);
			inputPaths = (
				"${PODS_PODFILE_DIR_PATH}/Podfile.lock",
				"${PODS_ROOT}/Manifest.lock",
			);
			name = "[CP] Check Pods Manifest.lock";
			outputFileListPaths = (
			);
			outputPaths = (
				"$(DERIVED_FILE_DIR)/Pods-KCProgrammingAppUITests-checkManifestLockResult.txt",
			);
			runOnlyForDeploymentPostprocessing = 0;
			shellPath = /bin/sh;
			shellScript = "diff \"${PODS_PODFILE_DIR_PATH}/Podfile.lock\" \"${PODS_ROOT}/Manifest.lock\" > /dev/null\nif [ $? != 0 ] ; then\n    # print error to STDERR\n    echo \"error: The sandbox is not in sync with the Podfile.lock. Run 'pod install' or update your CocoaPods installation.\" >&2\n    exit 1\nfi\n# This output is used by Xcode 'outputs' to avoid re-running this script phase.\necho \"SUCCESS\" > \"${SCRIPT_OUTPUT_FILE_0}\"\n";
			showEnvVarsInLog = 0;
		};
		2809218004FB391C35BC5E3F /* [CP] Check Pods Manifest.lock */ = {
			isa = PBXShellScriptBuildPhase;
			buildActionMask = 2147483647;
			files = (
			);
			inputFileListPaths = (
			);
			inputPaths = (
				"${PODS_PODFILE_DIR_PATH}/Podfile.lock",
				"${PODS_ROOT}/Manifest.lock",
			);
			name = "[CP] Check Pods Manifest.lock";
			outputFileListPaths = (
			);
			outputPaths = (
				"$(DERIVED_FILE_DIR)/Pods-KCProgrammingAppTests-checkManifestLockResult.txt",
			);
			runOnlyForDeploymentPostprocessing = 0;
			shellPath = /bin/sh;
			shellScript = "diff \"${PODS_PODFILE_DIR_PATH}/Podfile.lock\" \"${PODS_ROOT}/Manifest.lock\" > /dev/null\nif [ $? != 0 ] ; then\n    # print error to STDERR\n    echo \"error: The sandbox is not in sync with the Podfile.lock. Run 'pod install' or update your CocoaPods installation.\" >&2\n    exit 1\nfi\n# This output is used by Xcode 'outputs' to avoid re-running this script phase.\necho \"SUCCESS\" > \"${SCRIPT_OUTPUT_FILE_0}\"\n";
			showEnvVarsInLog = 0;
		};
		9433E898B20238509DEC63C0 /* [CP] Embed Pods Frameworks */ = {
			isa = PBXShellScriptBuildPhase;
			buildActionMask = 2147483647;
			files = (
			);
			inputFileListPaths = (
			);
			inputPaths = (
				"${SRCROOT}/Pods/Target Support Files/Pods-KCProgrammingApp/Pods-KCProgrammingApp-frameworks.sh",
				"${BUILT_PRODUCTS_DIR}/Socket.IO-Client-Swift/SocketIO.framework",
				"${BUILT_PRODUCTS_DIR}/Starscream/Starscream.framework",
			);
			name = "[CP] Embed Pods Frameworks";
			outputFileListPaths = (
			);
			outputPaths = (
				"${TARGET_BUILD_DIR}/${FRAMEWORKS_FOLDER_PATH}/SocketIO.framework",
				"${TARGET_BUILD_DIR}/${FRAMEWORKS_FOLDER_PATH}/Starscream.framework",
			);
			runOnlyForDeploymentPostprocessing = 0;
			shellPath = /bin/sh;
			shellScript = "\"${SRCROOT}/Pods/Target Support Files/Pods-KCProgrammingApp/Pods-KCProgrammingApp-frameworks.sh\"\n";
			showEnvVarsInLog = 0;
		};
		D0C5DEF05C509B4CCDF42F89 /* [CP] Check Pods Manifest.lock */ = {
			isa = PBXShellScriptBuildPhase;
			buildActionMask = 2147483647;
			files = (
			);
			inputFileListPaths = (
			);
			inputPaths = (
				"${PODS_PODFILE_DIR_PATH}/Podfile.lock",
				"${PODS_ROOT}/Manifest.lock",
			);
			name = "[CP] Check Pods Manifest.lock";
			outputFileListPaths = (
			);
			outputPaths = (
				"$(DERIVED_FILE_DIR)/Pods-KCProgrammingApp-checkManifestLockResult.txt",
			);
			runOnlyForDeploymentPostprocessing = 0;
			shellPath = /bin/sh;
			shellScript = "diff \"${PODS_PODFILE_DIR_PATH}/Podfile.lock\" \"${PODS_ROOT}/Manifest.lock\" > /dev/null\nif [ $? != 0 ] ; then\n    # print error to STDERR\n    echo \"error: The sandbox is not in sync with the Podfile.lock. Run 'pod install' or update your CocoaPods installation.\" >&2\n    exit 1\nfi\n# This output is used by Xcode 'outputs' to avoid re-running this script phase.\necho \"SUCCESS\" > \"${SCRIPT_OUTPUT_FILE_0}\"\n";
			showEnvVarsInLog = 0;
		};
/* End PBXShellScriptBuildPhase section */

/* Begin PBXSourcesBuildPhase section */
		E064AEC4223886F20093E91C /* Sources */ = {
			isa = PBXSourcesBuildPhase;
			buildActionMask = 2147483647;
			files = (
				3F104D89223B3D1000094A98 /* SchoolsTableViewController.swift in Sources */,
				E064AECE223886F20093E91C /* ViewController.swift in Sources */,
				3F104D8B223B3D2A00094A98 /* TeamsTableViewController.swift in Sources */,
				3F104D8F223B3D6A00094A98 /* NewSchoolViewController.swift in Sources */,
				3F104D91223B3D7C00094A98 /* NewTeamViewController.swift in Sources */,
				3F104D93223B3F3F00094A98 /* App.swift in Sources */,
				3F104D8D223B3D5300094A98 /* StudentsViewController.swift in Sources */,
				E064AECC223886F20093E91C /* AppDelegate.swift in Sources */,
			);
			runOnlyForDeploymentPostprocessing = 0;
		};
		E064AED8223886F20093E91C /* Sources */ = {
			isa = PBXSourcesBuildPhase;
			buildActionMask = 2147483647;
			files = (
				E064AEE1223886F20093E91C /* KCProgrammingAppTests.swift in Sources */,
			);
			runOnlyForDeploymentPostprocessing = 0;
		};
		E064AEE3223886F20093E91C /* Sources */ = {
			isa = PBXSourcesBuildPhase;
			buildActionMask = 2147483647;
			files = (
				E064AEEC223886F20093E91C /* KCProgrammingAppUITests.swift in Sources */,
				3FD1B5CC2258195D00B28B64 /* App.swift in Sources */,
			);
			runOnlyForDeploymentPostprocessing = 0;
		};
/* End PBXSourcesBuildPhase section */

/* Begin PBXTargetDependency section */
		E064AEDE223886F20093E91C /* PBXTargetDependency */ = {
			isa = PBXTargetDependency;
			target = E064AEC7223886F20093E91C /* KCProgrammingApp */;
			targetProxy = E064AEDD223886F20093E91C /* PBXContainerItemProxy */;
		};
		E064AEE9223886F20093E91C /* PBXTargetDependency */ = {
			isa = PBXTargetDependency;
			target = E064AEC7223886F20093E91C /* KCProgrammingApp */;
			targetProxy = E064AEE8223886F20093E91C /* PBXContainerItemProxy */;
		};
/* End PBXTargetDependency section */

/* Begin PBXVariantGroup section */
		E064AECF223886F20093E91C /* Main.storyboard */ = {
			isa = PBXVariantGroup;
			children = (
				E064AED0223886F20093E91C /* Base */,
			);
			name = Main.storyboard;
			sourceTree = "<group>";
		};
		E064AED4223886F20093E91C /* LaunchScreen.storyboard */ = {
			isa = PBXVariantGroup;
			children = (
				E064AED5223886F20093E91C /* Base */,
			);
			name = LaunchScreen.storyboard;
			sourceTree = "<group>";
		};
/* End PBXVariantGroup section */

/* Begin XCBuildConfiguration section */
		E064AEEE223886F20093E91C /* Debug */ = {
			isa = XCBuildConfiguration;
			buildSettings = {
				ALWAYS_SEARCH_USER_PATHS = NO;
				CLANG_ANALYZER_NONNULL = YES;
				CLANG_ANALYZER_NUMBER_OBJECT_CONVERSION = YES_AGGRESSIVE;
				CLANG_CXX_LANGUAGE_STANDARD = "gnu++14";
				CLANG_CXX_LIBRARY = "libc++";
				CLANG_ENABLE_MODULES = YES;
				CLANG_ENABLE_OBJC_ARC = YES;
				CLANG_ENABLE_OBJC_WEAK = YES;
				CLANG_WARN_BLOCK_CAPTURE_AUTORELEASING = YES;
				CLANG_WARN_BOOL_CONVERSION = YES;
				CLANG_WARN_COMMA = YES;
				CLANG_WARN_CONSTANT_CONVERSION = YES;
				CLANG_WARN_DEPRECATED_OBJC_IMPLEMENTATIONS = YES;
				CLANG_WARN_DIRECT_OBJC_ISA_USAGE = YES_ERROR;
				CLANG_WARN_DOCUMENTATION_COMMENTS = YES;
				CLANG_WARN_EMPTY_BODY = YES;
				CLANG_WARN_ENUM_CONVERSION = YES;
				CLANG_WARN_INFINITE_RECURSION = YES;
				CLANG_WARN_INT_CONVERSION = YES;
				CLANG_WARN_NON_LITERAL_NULL_CONVERSION = YES;
				CLANG_WARN_OBJC_IMPLICIT_RETAIN_SELF = YES;
				CLANG_WARN_OBJC_LITERAL_CONVERSION = YES;
				CLANG_WARN_OBJC_ROOT_CLASS = YES_ERROR;
				CLANG_WARN_RANGE_LOOP_ANALYSIS = YES;
				CLANG_WARN_STRICT_PROTOTYPES = YES;
				CLANG_WARN_SUSPICIOUS_MOVE = YES;
				CLANG_WARN_UNGUARDED_AVAILABILITY = YES_AGGRESSIVE;
				CLANG_WARN_UNREACHABLE_CODE = YES;
				CLANG_WARN__DUPLICATE_METHOD_MATCH = YES;
				CODE_SIGN_IDENTITY = "iPhone Developer";
				COPY_PHASE_STRIP = NO;
				DEBUG_INFORMATION_FORMAT = dwarf;
				ENABLE_STRICT_OBJC_MSGSEND = YES;
				ENABLE_TESTABILITY = YES;
				GCC_C_LANGUAGE_STANDARD = gnu11;
				GCC_DYNAMIC_NO_PIC = NO;
				GCC_NO_COMMON_BLOCKS = YES;
				GCC_OPTIMIZATION_LEVEL = 0;
				GCC_PREPROCESSOR_DEFINITIONS = (
					"DEBUG=1",
					"$(inherited)",
				);
				GCC_WARN_64_TO_32_BIT_CONVERSION = YES;
				GCC_WARN_ABOUT_RETURN_TYPE = YES_ERROR;
				GCC_WARN_UNDECLARED_SELECTOR = YES;
				GCC_WARN_UNINITIALIZED_AUTOS = YES_AGGRESSIVE;
				GCC_WARN_UNUSED_FUNCTION = YES;
				GCC_WARN_UNUSED_VARIABLE = YES;
				IPHONEOS_DEPLOYMENT_TARGET = 12.1;
				MTL_ENABLE_DEBUG_INFO = INCLUDE_SOURCE;
				MTL_FAST_MATH = YES;
				ONLY_ACTIVE_ARCH = YES;
				SDKROOT = iphoneos;
				SWIFT_ACTIVE_COMPILATION_CONDITIONS = DEBUG;
				SWIFT_OPTIMIZATION_LEVEL = "-Onone";
			};
			name = Debug;
		};
		E064AEEF223886F20093E91C /* Release */ = {
			isa = XCBuildConfiguration;
			buildSettings = {
				ALWAYS_SEARCH_USER_PATHS = NO;
				CLANG_ANALYZER_NONNULL = YES;
				CLANG_ANALYZER_NUMBER_OBJECT_CONVERSION = YES_AGGRESSIVE;
				CLANG_CXX_LANGUAGE_STANDARD = "gnu++14";
				CLANG_CXX_LIBRARY = "libc++";
				CLANG_ENABLE_MODULES = YES;
				CLANG_ENABLE_OBJC_ARC = YES;
				CLANG_ENABLE_OBJC_WEAK = YES;
				CLANG_WARN_BLOCK_CAPTURE_AUTORELEASING = YES;
				CLANG_WARN_BOOL_CONVERSION = YES;
				CLANG_WARN_COMMA = YES;
				CLANG_WARN_CONSTANT_CONVERSION = YES;
				CLANG_WARN_DEPRECATED_OBJC_IMPLEMENTATIONS = YES;
				CLANG_WARN_DIRECT_OBJC_ISA_USAGE = YES_ERROR;
				CLANG_WARN_DOCUMENTATION_COMMENTS = YES;
				CLANG_WARN_EMPTY_BODY = YES;
				CLANG_WARN_ENUM_CONVERSION = YES;
				CLANG_WARN_INFINITE_RECURSION = YES;
				CLANG_WARN_INT_CONVERSION = YES;
				CLANG_WARN_NON_LITERAL_NULL_CONVERSION = YES;
				CLANG_WARN_OBJC_IMPLICIT_RETAIN_SELF = YES;
				CLANG_WARN_OBJC_LITERAL_CONVERSION = YES;
				CLANG_WARN_OBJC_ROOT_CLASS = YES_ERROR;
				CLANG_WARN_RANGE_LOOP_ANALYSIS = YES;
				CLANG_WARN_STRICT_PROTOTYPES = YES;
				CLANG_WARN_SUSPICIOUS_MOVE = YES;
				CLANG_WARN_UNGUARDED_AVAILABILITY = YES_AGGRESSIVE;
				CLANG_WARN_UNREACHABLE_CODE = YES;
				CLANG_WARN__DUPLICATE_METHOD_MATCH = YES;
				CODE_SIGN_IDENTITY = "iPhone Developer";
				COPY_PHASE_STRIP = NO;
				DEBUG_INFORMATION_FORMAT = "dwarf-with-dsym";
				ENABLE_NS_ASSERTIONS = NO;
				ENABLE_STRICT_OBJC_MSGSEND = YES;
				GCC_C_LANGUAGE_STANDARD = gnu11;
				GCC_NO_COMMON_BLOCKS = YES;
				GCC_WARN_64_TO_32_BIT_CONVERSION = YES;
				GCC_WARN_ABOUT_RETURN_TYPE = YES_ERROR;
				GCC_WARN_UNDECLARED_SELECTOR = YES;
				GCC_WARN_UNINITIALIZED_AUTOS = YES_AGGRESSIVE;
				GCC_WARN_UNUSED_FUNCTION = YES;
				GCC_WARN_UNUSED_VARIABLE = YES;
				IPHONEOS_DEPLOYMENT_TARGET = 12.1;
				MTL_ENABLE_DEBUG_INFO = NO;
				MTL_FAST_MATH = YES;
				SDKROOT = iphoneos;
				SWIFT_COMPILATION_MODE = wholemodule;
				SWIFT_OPTIMIZATION_LEVEL = "-O";
				VALIDATE_PRODUCT = YES;
			};
			name = Release;
		};
		E064AEF1223886F20093E91C /* Debug */ = {
			isa = XCBuildConfiguration;
			baseConfigurationReference = 9A33D03AAE6C51FCEF9D1EAA /* Pods-KCProgrammingApp.debug.xcconfig */;
			buildSettings = {
				ASSETCATALOG_COMPILER_APPICON_NAME = AppIcon;
				CODE_SIGN_STYLE = Automatic;
				INFOPLIST_FILE = KCProgrammingApp/Info.plist;
				IPHONEOS_DEPLOYMENT_TARGET = 12.0;
				LD_RUNPATH_SEARCH_PATHS = (
					"$(inherited)",
					"@executable_path/Frameworks",
				);
				PRODUCT_BUNDLE_IDENTIFIER = nwmissouri.edu.KCProgrammingApp;
				PRODUCT_NAME = "$(TARGET_NAME)";
				SWIFT_OBJC_BRIDGING_HEADER = "Pods/Backendless/SDK/ios/backendless/include/Backendless-Bridging-Header.h";
				SWIFT_VERSION = 4.2;
				TARGETED_DEVICE_FAMILY = "1,2";
			};
			name = Debug;
		};
		E064AEF2223886F20093E91C /* Release */ = {
			isa = XCBuildConfiguration;
			baseConfigurationReference = 9378900067007AF2594E1466 /* Pods-KCProgrammingApp.release.xcconfig */;
			buildSettings = {
				ASSETCATALOG_COMPILER_APPICON_NAME = AppIcon;
				CODE_SIGN_STYLE = Automatic;
				INFOPLIST_FILE = KCProgrammingApp/Info.plist;
				IPHONEOS_DEPLOYMENT_TARGET = 12.0;
				LD_RUNPATH_SEARCH_PATHS = (
					"$(inherited)",
					"@executable_path/Frameworks",
				);
				PRODUCT_BUNDLE_IDENTIFIER = nwmissouri.edu.KCProgrammingApp;
				PRODUCT_NAME = "$(TARGET_NAME)";
				SWIFT_OBJC_BRIDGING_HEADER = "Pods/Backendless/SDK/ios/backendless/include/Backendless-Bridging-Header.h";
				SWIFT_VERSION = 4.2;
				TARGETED_DEVICE_FAMILY = "1,2";
			};
			name = Release;
		};
		E064AEF4223886F20093E91C /* Debug */ = {
			isa = XCBuildConfiguration;
			baseConfigurationReference = 94574AB8B41707BD6E7A36C8 /* Pods-KCProgrammingAppTests.debug.xcconfig */;
			buildSettings = {
				ALWAYS_EMBED_SWIFT_STANDARD_LIBRARIES = YES;
				BUNDLE_LOADER = "$(TEST_HOST)";
				CODE_SIGN_STYLE = Automatic;
				INFOPLIST_FILE = KCProgrammingAppTests/Info.plist;
				LD_RUNPATH_SEARCH_PATHS = (
					"$(inherited)",
					"@executable_path/Frameworks",
					"@loader_path/Frameworks",
				);
				PRODUCT_BUNDLE_IDENTIFIER = nwmissouri.edu.KCProgrammingAppTests;
				PRODUCT_NAME = "$(TARGET_NAME)";
				SWIFT_VERSION = 4.2;
				TARGETED_DEVICE_FAMILY = "1,2";
				TEST_HOST = "$(BUILT_PRODUCTS_DIR)/KCProgrammingApp.app/KCProgrammingApp";
			};
			name = Debug;
		};
		E064AEF5223886F20093E91C /* Release */ = {
			isa = XCBuildConfiguration;
			baseConfigurationReference = 318A150EF67A09F225085E42 /* Pods-KCProgrammingAppTests.release.xcconfig */;
			buildSettings = {
				ALWAYS_EMBED_SWIFT_STANDARD_LIBRARIES = YES;
				BUNDLE_LOADER = "$(TEST_HOST)";
				CODE_SIGN_STYLE = Automatic;
				INFOPLIST_FILE = KCProgrammingAppTests/Info.plist;
				LD_RUNPATH_SEARCH_PATHS = (
					"$(inherited)",
					"@executable_path/Frameworks",
					"@loader_path/Frameworks",
				);
				PRODUCT_BUNDLE_IDENTIFIER = nwmissouri.edu.KCProgrammingAppTests;
				PRODUCT_NAME = "$(TARGET_NAME)";
				SWIFT_VERSION = 4.2;
				TARGETED_DEVICE_FAMILY = "1,2";
				TEST_HOST = "$(BUILT_PRODUCTS_DIR)/KCProgrammingApp.app/KCProgrammingApp";
			};
			name = Release;
		};
		E064AEF7223886F20093E91C /* Debug */ = {
			isa = XCBuildConfiguration;
			baseConfigurationReference = 0B4DACFBB1945AF55C479502 /* Pods-KCProgrammingAppUITests.debug.xcconfig */;
			buildSettings = {
				ALWAYS_EMBED_SWIFT_STANDARD_LIBRARIES = YES;
				CODE_SIGN_STYLE = Automatic;
				INFOPLIST_FILE = KCProgrammingAppUITests/Info.plist;
				LD_RUNPATH_SEARCH_PATHS = (
					"$(inherited)",
					"@executable_path/Frameworks",
					"@loader_path/Frameworks",
				);
				PRODUCT_BUNDLE_IDENTIFIER = nwmissouri.edu.KCProgrammingAppUITests;
				PRODUCT_NAME = "$(TARGET_NAME)";
				SWIFT_VERSION = 4.2;
				TARGETED_DEVICE_FAMILY = "1,2";
				TEST_TARGET_NAME = KCProgrammingApp;
			};
			name = Debug;
		};
		E064AEF8223886F20093E91C /* Release */ = {
			isa = XCBuildConfiguration;
			baseConfigurationReference = 08050D708015DE476235A2AB /* Pods-KCProgrammingAppUITests.release.xcconfig */;
			buildSettings = {
				ALWAYS_EMBED_SWIFT_STANDARD_LIBRARIES = YES;
				CODE_SIGN_STYLE = Automatic;
				INFOPLIST_FILE = KCProgrammingAppUITests/Info.plist;
				LD_RUNPATH_SEARCH_PATHS = (
					"$(inherited)",
					"@executable_path/Frameworks",
					"@loader_path/Frameworks",
				);
				PRODUCT_BUNDLE_IDENTIFIER = nwmissouri.edu.KCProgrammingAppUITests;
				PRODUCT_NAME = "$(TARGET_NAME)";
				SWIFT_VERSION = 4.2;
				TARGETED_DEVICE_FAMILY = "1,2";
				TEST_TARGET_NAME = KCProgrammingApp;
			};
			name = Release;
		};
/* End XCBuildConfiguration section */

/* Begin XCConfigurationList section */
		E064AEC3223886F20093E91C /* Build configuration list for PBXProject "KCProgrammingApp" */ = {
			isa = XCConfigurationList;
			buildConfigurations = (
				E064AEEE223886F20093E91C /* Debug */,
				E064AEEF223886F20093E91C /* Release */,
			);
			defaultConfigurationIsVisible = 0;
			defaultConfigurationName = Release;
		};
		E064AEF0223886F20093E91C /* Build configuration list for PBXNativeTarget "KCProgrammingApp" */ = {
			isa = XCConfigurationList;
			buildConfigurations = (
				E064AEF1223886F20093E91C /* Debug */,
				E064AEF2223886F20093E91C /* Release */,
			);
			defaultConfigurationIsVisible = 0;
			defaultConfigurationName = Release;
		};
		E064AEF3223886F20093E91C /* Build configuration list for PBXNativeTarget "KCProgrammingAppTests" */ = {
			isa = XCConfigurationList;
			buildConfigurations = (
				E064AEF4223886F20093E91C /* Debug */,
				E064AEF5223886F20093E91C /* Release */,
			);
			defaultConfigurationIsVisible = 0;
			defaultConfigurationName = Release;
		};
		E064AEF6223886F20093E91C /* Build configuration list for PBXNativeTarget "KCProgrammingAppUITests" */ = {
			isa = XCConfigurationList;
			buildConfigurations = (
				E064AEF7223886F20093E91C /* Debug */,
				E064AEF8223886F20093E91C /* Release */,
			);
			defaultConfigurationIsVisible = 0;
			defaultConfigurationName = Release;
		};
/* End XCConfigurationList section */
	};
	rootObject = E064AEC0223886F20093E91C /* Project object */;
}
